
Microsoft Visual Studio Solution File, Format Version 12.00
# Visual Studio Version 16
VisualStudioVersion = 16.0.31911.196
MinimumVisualStudioVersion = 10.0.40219.1
Project("{9A19103F-16F7-4668-BE54-9A1E7A4F7556}") = "ppAssignmentApp", "ppAssignmentApp.csproj", "{5E65F1C7-DF23-4E60-B71D-0E132D222329}"
EndProject
Project("{FAE04EC0-301F-11D3-BF4B-00C04F79EFBC}") = "GUI", "..\GUI\GUI.csproj", "{9BA88F7F-EF72-4979-B3A1-D1AF7107A4FE}"
EndProject
Global
	GlobalSection(SolutionConfigurationPlatforms) = preSolution
		Debug|Any CPU = Debug|Any CPU
		Release|Any CPU = Release|Any CPU
	EndGlobalSection
	GlobalSection(ProjectConfigurationPlatforms) = postSolution
		{5E65F1C7-DF23-4E60-B71D-0E132D222329}.Debug|Any CPU.ActiveCfg = Debug|Any CPU
		{5E65F1C7-DF23-4E60-B71D-0E132D222329}.Debug|Any CPU.Build.0 = Debug|Any CPU
		{5E65F1C7-DF23-4E60-B71D-0E132D222329}.Release|Any CPU.ActiveCfg = Release|Any CPU
		{5E65F1C7-DF23-4E60-B71D-0E132D222329}.Release|Any CPU.Build.0 = Release|Any CPU
		{9BA88F7F-EF72-4979-B3A1-D1AF7107A4FE}.Debug|Any CPU.ActiveCfg = Debug|Any CPU
		{9BA88F7F-EF72-4979-B3A1-D1AF7107A4FE}.Debug|Any CPU.Build.0 = Debug|Any CPU
		{9BA88F7F-EF72-4979-B3A1-D1AF7107A4FE}.Release|Any CPU.ActiveCfg = Release|Any CPU
		{9BA88F7F-EF72-4979-B3A1-D1AF7107A4FE}.Release|Any CPU.Build.0 = Release|Any CPU
	EndGlobalSection
	GlobalSection(SolutionProperties) = preSolution
		HideSolutionNode = FALSE
	EndGlobalSection
	GlobalSection(ExtensibilityGlobals) = postSolution
		SolutionGuid = {C1213E74-66F2-4281-A90F-68B76CE95644}
	EndGlobalSection
EndGlobal
